
Microsoft Visual Studio Solution File, Format Version 11.00
# Visual C++ Express 2010
Project("{8BC9CEB8-8B4A-11D0-8D11-00A0C91BC942}") = "LAB-8", "LAB-8\LAB-8.vcxproj", "{434801E4-596E-4A22-8BD0-D61F2FF40545}"
EndProject
Global
	GlobalSection(SolutionConfigurationPlatforms) = preSolution
		Debug|Win32 = Debug|Win32
		Release|Win32 = Release|Win32
	EndGlobalSection
	GlobalSection(ProjectConfigurationPlatforms) = postSolution
		{434801E4-596E-4A22-8BD0-D61F2FF40545}.Debug|Win32.ActiveCfg = Debug|Win32
		{434801E4-596E-4A22-8BD0-D61F2FF40545}.Debug|Win32.Build.0 = Debug|Win32
		{434801E4-596E-4A22-8BD0-D61F2FF40545}.Release|Win32.ActiveCfg = Release|Win32
		{434801E4-596E-4A22-8BD0-D61F2FF40545}.Release|Win32.Build.0 = Release|Win32
	EndGlobalSection
	GlobalSection(SolutionProperties) = preSolution
		HideSolutionNode = FALSE
	EndGlobalSection
EndGlobal
