
Microsoft Visual Studio Solution File, Format Version 12.00
# Visual Studio Express 2012 for Windows Desktop
Project("{8BC9CEB8-8B4A-11D0-8D11-00A0C91BC942}") = "LAB-6", "LAB-6\LAB-6.vcxproj", "{A68980E1-0A48-4731-895E-1DB6428F5CD5}"
EndProject
Global
	GlobalSection(SolutionConfigurationPlatforms) = preSolution
		Debug|Win32 = Debug|Win32
		Release|Win32 = Release|Win32
	EndGlobalSection
	GlobalSection(ProjectConfigurationPlatforms) = postSolution
		{A68980E1-0A48-4731-895E-1DB6428F5CD5}.Debug|Win32.ActiveCfg = Debug|Win32
		{A68980E1-0A48-4731-895E-1DB6428F5CD5}.Debug|Win32.Build.0 = Debug|Win32
		{A68980E1-0A48-4731-895E-1DB6428F5CD5}.Release|Win32.ActiveCfg = Release|Win32
		{A68980E1-0A48-4731-895E-1DB6428F5CD5}.Release|Win32.Build.0 = Release|Win32
	EndGlobalSection
	GlobalSection(SolutionProperties) = preSolution
		HideSolutionNode = FALSE
	EndGlobalSection
EndGlobal
