
Microsoft Visual Studio Solution File, Format Version 12.00
# Visual Studio 15
VisualStudioVersion = 15.0.28307.438
MinimumVisualStudioVersion = 10.0.40219.1
Project("{FAE04EC0-301F-11D3-BF4B-00C04F79EFBC}") = "LAB_14", "LAB_14\LAB_14.csproj", "{D701C4C9-DE07-46ED-8B02-53BCD77C1EDD}"
EndProject
Global
	GlobalSection(SolutionConfigurationPlatforms) = preSolution
		Debug|Any CPU = Debug|Any CPU
		Release|Any CPU = Release|Any CPU
	EndGlobalSection
	GlobalSection(ProjectConfigurationPlatforms) = postSolution
		{D701C4C9-DE07-46ED-8B02-53BCD77C1EDD}.Debug|Any CPU.ActiveCfg = Debug|Any CPU
		{D701C4C9-DE07-46ED-8B02-53BCD77C1EDD}.Debug|Any CPU.Build.0 = Debug|Any CPU
		{D701C4C9-DE07-46ED-8B02-53BCD77C1EDD}.Release|Any CPU.ActiveCfg = Release|Any CPU
		{D701C4C9-DE07-46ED-8B02-53BCD77C1EDD}.Release|Any CPU.Build.0 = Release|Any CPU
	EndGlobalSection
	GlobalSection(SolutionProperties) = preSolution
		HideSolutionNode = FALSE
	EndGlobalSection
	GlobalSection(ExtensibilityGlobals) = postSolution
		SolutionGuid = {A36D07AA-4BEF-4347-8B87-CB91432B6206}
	EndGlobalSection
EndGlobal
