
Microsoft Visual Studio Solution File, Format Version 12.00
# Visual Studio 2012
Project("{FAE04EC0-301F-11D3-BF4B-00C04F79EFBC}") = "LAB_1", "LAB_1\LAB_1.csproj", "{CABD427B-290A-4EA0-9940-DEDFADD2F2D5}"
EndProject
Global
	GlobalSection(SolutionConfigurationPlatforms) = preSolution
		Debug|Any CPU = Debug|Any CPU
		Release|Any CPU = Release|Any CPU
	EndGlobalSection
	GlobalSection(ProjectConfigurationPlatforms) = postSolution
		{CABD427B-290A-4EA0-9940-DEDFADD2F2D5}.Debug|Any CPU.ActiveCfg = Debug|Any CPU
		{CABD427B-290A-4EA0-9940-DEDFADD2F2D5}.Debug|Any CPU.Build.0 = Debug|Any CPU
		{CABD427B-290A-4EA0-9940-DEDFADD2F2D5}.Release|Any CPU.ActiveCfg = Release|Any CPU
		{CABD427B-290A-4EA0-9940-DEDFADD2F2D5}.Release|Any CPU.Build.0 = Release|Any CPU
	EndGlobalSection
	GlobalSection(SolutionProperties) = preSolution
		HideSolutionNode = FALSE
	EndGlobalSection
EndGlobal
