
Microsoft Visual Studio Solution File, Format Version 12.00
# Visual Studio Express 2012 for Windows Desktop
Project("{8BC9CEB8-8B4A-11D0-8D11-00A0C91BC942}") = "LAB3", "LAB3\LAB3.vcxproj", "{C6582AF0-EAEE-4BC2-9482-0D0304CD39D1}"
EndProject
Global
	GlobalSection(SolutionConfigurationPlatforms) = preSolution
		Debug|Win32 = Debug|Win32
		Release|Win32 = Release|Win32
	EndGlobalSection
	GlobalSection(ProjectConfigurationPlatforms) = postSolution
		{C6582AF0-EAEE-4BC2-9482-0D0304CD39D1}.Debug|Win32.ActiveCfg = Debug|Win32
		{C6582AF0-EAEE-4BC2-9482-0D0304CD39D1}.Debug|Win32.Build.0 = Debug|Win32
		{C6582AF0-EAEE-4BC2-9482-0D0304CD39D1}.Release|Win32.ActiveCfg = Release|Win32
		{C6582AF0-EAEE-4BC2-9482-0D0304CD39D1}.Release|Win32.Build.0 = Release|Win32
	EndGlobalSection
	GlobalSection(SolutionProperties) = preSolution
		HideSolutionNode = FALSE
	EndGlobalSection
EndGlobal
