
Microsoft Visual Studio Solution File, Format Version 12.00
# Visual Studio Express 2012 for Windows Desktop
Project("{8BC9CEB8-8B4A-11D0-8D11-00A0C91BC942}") = "LAB5", "LAB5\LAB5.vcxproj", "{346A8B7B-760A-441D-B074-714859C8C64A}"
EndProject
Global
	GlobalSection(SolutionConfigurationPlatforms) = preSolution
		Debug|Win32 = Debug|Win32
		Release|Win32 = Release|Win32
	EndGlobalSection
	GlobalSection(ProjectConfigurationPlatforms) = postSolution
		{346A8B7B-760A-441D-B074-714859C8C64A}.Debug|Win32.ActiveCfg = Debug|Win32
		{346A8B7B-760A-441D-B074-714859C8C64A}.Debug|Win32.Build.0 = Debug|Win32
		{346A8B7B-760A-441D-B074-714859C8C64A}.Release|Win32.ActiveCfg = Release|Win32
		{346A8B7B-760A-441D-B074-714859C8C64A}.Release|Win32.Build.0 = Release|Win32
	EndGlobalSection
	GlobalSection(SolutionProperties) = preSolution
		HideSolutionNode = FALSE
	EndGlobalSection
EndGlobal
