
Microsoft Visual Studio Solution File, Format Version 12.00
# Visual Studio 2012
Project("{FAE04EC0-301F-11D3-BF4B-00C04F79EFBC}") = "LAB_2", "LAB_2\LAB_2.csproj", "{6CC1E5B8-A159-41B3-AA21-556F0BE12324}"
EndProject
Global
	GlobalSection(SolutionConfigurationPlatforms) = preSolution
		Debug|Any CPU = Debug|Any CPU
		Release|Any CPU = Release|Any CPU
	EndGlobalSection
	GlobalSection(ProjectConfigurationPlatforms) = postSolution
		{6CC1E5B8-A159-41B3-AA21-556F0BE12324}.Debug|Any CPU.ActiveCfg = Debug|Any CPU
		{6CC1E5B8-A159-41B3-AA21-556F0BE12324}.Debug|Any CPU.Build.0 = Debug|Any CPU
		{6CC1E5B8-A159-41B3-AA21-556F0BE12324}.Release|Any CPU.ActiveCfg = Release|Any CPU
		{6CC1E5B8-A159-41B3-AA21-556F0BE12324}.Release|Any CPU.Build.0 = Release|Any CPU
	EndGlobalSection
	GlobalSection(SolutionProperties) = preSolution
		HideSolutionNode = FALSE
	EndGlobalSection
EndGlobal
