
Microsoft Visual Studio Solution File, Format Version 12.00
# Visual Studio 2012
Project("{8BC9CEB8-8B4A-11D0-8D11-00A0C91BC942}") = "TA-2.2", "TA-2.2\TA-2.2.vcxproj", "{B07585C5-4E10-4CA1-BCB7-84F402A59281}"
EndProject
Global
	GlobalSection(SolutionConfigurationPlatforms) = preSolution
		Debug|Win32 = Debug|Win32
		Release|Win32 = Release|Win32
	EndGlobalSection
	GlobalSection(ProjectConfigurationPlatforms) = postSolution
		{B07585C5-4E10-4CA1-BCB7-84F402A59281}.Debug|Win32.ActiveCfg = Debug|Win32
		{B07585C5-4E10-4CA1-BCB7-84F402A59281}.Debug|Win32.Build.0 = Debug|Win32
		{B07585C5-4E10-4CA1-BCB7-84F402A59281}.Release|Win32.ActiveCfg = Release|Win32
		{B07585C5-4E10-4CA1-BCB7-84F402A59281}.Release|Win32.Build.0 = Release|Win32
	EndGlobalSection
	GlobalSection(SolutionProperties) = preSolution
		HideSolutionNode = FALSE
	EndGlobalSection
EndGlobal
