
Microsoft Visual Studio Solution File, Format Version 12.00
# Visual Studio Express 2012 for Windows Desktop
Project("{8BC9CEB8-8B4A-11D0-8D11-00A0C91BC942}") = "LAB-4", "LAB-4\LAB-4.vcxproj", "{7A7E593C-C2E7-4F47-BA97-58FEEFB1814E}"
EndProject
Global
	GlobalSection(SolutionConfigurationPlatforms) = preSolution
		Debug|Win32 = Debug|Win32
		Release|Win32 = Release|Win32
	EndGlobalSection
	GlobalSection(ProjectConfigurationPlatforms) = postSolution
		{7A7E593C-C2E7-4F47-BA97-58FEEFB1814E}.Debug|Win32.ActiveCfg = Debug|Win32
		{7A7E593C-C2E7-4F47-BA97-58FEEFB1814E}.Debug|Win32.Build.0 = Debug|Win32
		{7A7E593C-C2E7-4F47-BA97-58FEEFB1814E}.Release|Win32.ActiveCfg = Release|Win32
		{7A7E593C-C2E7-4F47-BA97-58FEEFB1814E}.Release|Win32.Build.0 = Release|Win32
	EndGlobalSection
	GlobalSection(SolutionProperties) = preSolution
		HideSolutionNode = FALSE
	EndGlobalSection
EndGlobal
